{
  "name": "fun-with-turbo",
  "lockfileVersion": 2,
  "requires": true,
  "packages": {
    "": {
      "dependencies": {
        "@hotwired/stimulus": "^3.1.0",
        "stimulus-use": "^0.50.0"
      }
    },
    "node_modules/@hotwired/stimulus": {
      "version": "3.1.0",
      "license": "MIT"
    },
    "node_modules/hotkeys-js": {
      "version": "3.9.4",
      "license": "MIT"
    },
    "node_modules/stimulus-use": {
      "version": "0.50.0",
      "license": "MIT",
      "dependencies": {
        "hotkeys-js": ">=3"
      },
      "peerDependencies": {
        "@hotwired/stimulus": ">= 3"
      }
    }
  },
  "dependencies": {
    "@hotwired/stimulus": {
      "version": "3.1.0"
    },
    "hotkeys-js": {
      "version": "3.9.4"
    },
    "stimulus-use": {
      "version": "0.50.0",
      "requires": {
        "hotkeys-js": ">=3"
      }
    }
  }
}
